// !$*UTF8*$!
{
	archiveVersion = 1;
	classes = {
	};
	objectVersion = 56;
	objects = {

/* Begin PBXBuildFile section */
		433CB8FA29AD6534002E7E10 /* jsonRead.swift in Sources */ = {isa = PBXBuildFile; fileRef = 433CB8F929AD6534002E7E10 /* jsonRead.swift */; };
		4347AB2529996F7800B3FA78 /* FStudyApp.swift in Sources */ = {isa = PBXBuildFile; fileRef = 4347AB2429996F7800B3FA78 /* FStudyApp.swift */; };
		4347AB2729996F7800B3FA78 /* ContentView.swift in Sources */ = {isa = PBXBuildFile; fileRef = 4347AB2629996F7800B3FA78 /* ContentView.swift */; };
		4347AB2929996F7E00B3FA78 /* Assets.xcassets in Resources */ = {isa = PBXBuildFile; fileRef = 4347AB2829996F7E00B3FA78 /* Assets.xcassets */; };
		4347AB2C29996F7E00B3FA78 /* Preview Assets.xcassets in Resources */ = {isa = PBXBuildFile; fileRef = 4347AB2B29996F7E00B3FA78 /* Preview Assets.xcassets */; };
		4347AB3629996F7F00B3FA78 /* FStudyTests.swift in Sources */ = {isa = PBXBuildFile; fileRef = 4347AB3529996F7F00B3FA78 /* FStudyTests.swift */; };
		4347AB4029996F7F00B3FA78 /* FStudyUITests.swift in Sources */ = {isa = PBXBuildFile; fileRef = 4347AB3F29996F7F00B3FA78 /* FStudyUITests.swift */; };
		4347AB4229996F7F00B3FA78 /* FStudyUITestsLaunchTests.swift in Sources */ = {isa = PBXBuildFile; fileRef = 4347AB4129996F7F00B3FA78 /* FStudyUITestsLaunchTests.swift */; };
		4347AB512999724700B3FA78 /* Cards.swift in Sources */ = {isa = PBXBuildFile; fileRef = 4347AB502999724700B3FA78 /* Cards.swift */; };
		4347AB532999731400B3FA78 /* ModelData.swift in Sources */ = {isa = PBXBuildFile; fileRef = 4347AB522999731400B3FA78 /* ModelData.swift */; };
		4347AB58299974EE00B3FA78 /* CardsRow.swift in Sources */ = {isa = PBXBuildFile; fileRef = 4347AB57299974EE00B3FA78 /* CardsRow.swift */; };
		4347AB5C29999D7900B3FA78 /* cardData.json in Resources */ = {isa = PBXBuildFile; fileRef = 4347AB5B29999D7900B3FA78 /* cardData.json */; };
		4347AB992999A36D00B3FA78 /* CardsList.swift in Sources */ = {isa = PBXBuildFile; fileRef = 4347AB982999A36D00B3FA78 /* CardsList.swift */; };
		4347AB9B2999A3AF00B3FA78 /* CardsDetail.swift in Sources */ = {isa = PBXBuildFile; fileRef = 4347AB9A2999A3AF00B3FA78 /* CardsDetail.swift */; };
		4347AB9D299A868B00B3FA78 /* student.json in Resources */ = {isa = PBXBuildFile; fileRef = 4347AB9C299A868A00B3FA78 /* student.json */; };
		4347ABA1299A9A2900B3FA78 /* NoteCardFlip.swift in Sources */ = {isa = PBXBuildFile; fileRef = 4347ABA0299A9A2900B3FA78 /* NoteCardFlip.swift */; };
		4347ABA3299C2E1300B3FA78 /* FavoriteButton.swift in Sources */ = {isa = PBXBuildFile; fileRef = 4347ABA2299C2E1300B3FA78 /* FavoriteButton.swift */; };
		4347ABA5299C335900B3FA78 /* buttonpractice.swift in Sources */ = {isa = PBXBuildFile; fileRef = 4347ABA4299C335900B3FA78 /* buttonpractice.swift */; };
		4352915229C8968300E28427 /* wordRow.swift in Sources */ = {isa = PBXBuildFile; fileRef = 4352915129C8968300E28427 /* wordRow.swift */; };
		4352915429C8A0E400E28427 /* WordsList.swift in Sources */ = {isa = PBXBuildFile; fileRef = 4352915329C8A0E400E28427 /* WordsList.swift */; };
		43F37C4529B76ABE00B205F8 /* WordsDetail.swift in Sources */ = {isa = PBXBuildFile; fileRef = 43F37C4429B76ABE00B205F8 /* WordsDetail.swift */; };
		43F4A37E29A3D68A0073C3CE /*  newCard.swift in Sources */ = {isa = PBXBuildFile; fileRef = 43F4A37D29A3D68A0073C3CE /*  newCard.swift */; };
/* End PBXBuildFile section */

/* Begin PBXContainerItemProxy section */
		4347AB3229996F7F00B3FA78 /* PBXContainerItemProxy */ = {
			isa = PBXContainerItemProxy;
			containerPortal = 4347AB1929996F7800B3FA78 /* Project object */;
			proxyType = 1;
			remoteGlobalIDString = 4347AB2029996F7800B3FA78;
			remoteInfo = FStudy;
		};
		4347AB3C29996F7F00B3FA78 /* PBXContainerItemProxy */ = {
			isa = PBXContainerItemProxy;
			containerPortal = 4347AB1929996F7800B3FA78 /* Project object */;
			proxyType = 1;
			remoteGlobalIDString = 4347AB2029996F7800B3FA78;
			remoteInfo = FStudy;
		};
/* End PBXContainerItemProxy section */

/* Begin PBXFileReference section */
		433CB8F929AD6534002E7E10 /* jsonRead.swift */ = {isa = PBXFileReference; lastKnownFileType = sourcecode.swift; path = jsonRead.swift; sourceTree = "<group>"; };
		4347AB2129996F7800B3FA78 /* FStudy.app */ = {isa = PBXFileReference; explicitFileType = wrapper.application; includeInIndex = 0; path = FStudy.app; sourceTree = BUILT_PRODUCTS_DIR; };
		4347AB2429996F7800B3FA78 /* FStudyApp.swift */ = {isa = PBXFileReference; lastKnownFileType = sourcecode.swift; path = FStudyApp.swift; sourceTree = "<group>"; };
		4347AB2629996F7800B3FA78 /* ContentView.swift */ = {isa = PBXFileReference; lastKnownFileType = sourcecode.swift; path = ContentView.swift; sourceTree = "<group>"; };
		4347AB2829996F7E00B3FA78 /* Assets.xcassets */ = {isa = PBXFileReference; lastKnownFileType = folder.assetcatalog; path = Assets.xcassets; sourceTree = "<group>"; };
		4347AB2B29996F7E00B3FA78 /* Preview Assets.xcassets */ = {isa = PBXFileReference; lastKnownFileType = folder.assetcatalog; path = "Preview Assets.xcassets"; sourceTree = "<group>"; };
		4347AB3129996F7F00B3FA78 /* FStudyTests.xctest */ = {isa = PBXFileReference; explicitFileType = wrapper.cfbundle; includeInIndex = 0; path = FStudyTests.xctest; sourceTree = BUILT_PRODUCTS_DIR; };
		4347AB3529996F7F00B3FA78 /* FStudyTests.swift */ = {isa = PBXFileReference; lastKnownFileType = sourcecode.swift; path = FStudyTests.swift; sourceTree = "<group>"; };
		4347AB3B29996F7F00B3FA78 /* FStudyUITests.xctest */ = {isa = PBXFileReference; explicitFileType = wrapper.cfbundle; includeInIndex = 0; path = FStudyUITests.xctest; sourceTree = BUILT_PRODUCTS_DIR; };
		4347AB3F29996F7F00B3FA78 /* FStudyUITests.swift */ = {isa = PBXFileReference; lastKnownFileType = sourcecode.swift; path = FStudyUITests.swift; sourceTree = "<group>"; };
		4347AB4129996F7F00B3FA78 /* FStudyUITestsLaunchTests.swift */ = {isa = PBXFileReference; lastKnownFileType = sourcecode.swift; path = FStudyUITestsLaunchTests.swift; sourceTree = "<group>"; };
		4347AB502999724700B3FA78 /* Cards.swift */ = {isa = PBXFileReference; lastKnownFileType = sourcecode.swift; path = Cards.swift; sourceTree = "<group>"; };
		4347AB522999731400B3FA78 /* ModelData.swift */ = {isa = PBXFileReference; lastKnownFileType = sourcecode.swift; path = ModelData.swift; sourceTree = "<group>"; };
		4347AB57299974EE00B3FA78 /* CardsRow.swift */ = {isa = PBXFileReference; lastKnownFileType = sourcecode.swift; path = CardsRow.swift; sourceTree = "<group>"; };
		4347AB5B29999D7900B3FA78 /* cardData.json */ = {isa = PBXFileReference; lastKnownFileType = text.json; path = cardData.json; sourceTree = "<group>"; };
		4347AB982999A36D00B3FA78 /* CardsList.swift */ = {isa = PBXFileReference; lastKnownFileType = sourcecode.swift; path = CardsList.swift; sourceTree = "<group>"; };
		4347AB9A2999A3AF00B3FA78 /* CardsDetail.swift */ = {isa = PBXFileReference; lastKnownFileType = sourcecode.swift; path = CardsDetail.swift; sourceTree = "<group>"; };
		4347AB9C299A868A00B3FA78 /* student.json */ = {isa = PBXFileReference; lastKnownFileType = text.json; path = student.json; sourceTree = "<group>"; };
		4347ABA0299A9A2900B3FA78 /* NoteCardFlip.swift */ = {isa = PBXFileReference; lastKnownFileType = sourcecode.swift; path = NoteCardFlip.swift; sourceTree = "<group>"; };
		4347ABA2299C2E1300B3FA78 /* FavoriteButton.swift */ = {isa = PBXFileReference; lastKnownFileType = sourcecode.swift; path = FavoriteButton.swift; sourceTree = "<group>"; };
		4347ABA4299C335900B3FA78 /* buttonpractice.swift */ = {isa = PBXFileReference; lastKnownFileType = sourcecode.swift; path = buttonpractice.swift; sourceTree = "<group>"; };
		4352915129C8968300E28427 /* wordRow.swift */ = {isa = PBXFileReference; lastKnownFileType = sourcecode.swift; path = wordRow.swift; sourceTree = "<group>"; };
		4352915329C8A0E400E28427 /* WordsList.swift */ = {isa = PBXFileReference; lastKnownFileType = sourcecode.swift; path = WordsList.swift; sourceTree = "<group>"; };
		43F37C4429B76ABE00B205F8 /* WordsDetail.swift */ = {isa = PBXFileReference; lastKnownFileType = sourcecode.swift; path = WordsDetail.swift; sourceTree = "<group>"; };
		43F4A37D29A3D68A0073C3CE /*  newCard.swift */ = {isa = PBXFileReference; lastKnownFileType = sourcecode.swift; path = " newCard.swift"; sourceTree = "<group>"; };
/* End PBXFileReference section */

/* Begin PBXFrameworksBuildPhase section */
		4347AB1E29996F7800B3FA78 /* Frameworks */ = {
			isa = PBXFrameworksBuildPhase;
			buildActionMask = 2147483647;
			files = (
			);
			runOnlyForDeploymentPostprocessing = 0;
		};
		4347AB2E29996F7F00B3FA78 /* Frameworks */ = {
			isa = PBXFrameworksBuildPhase;
			buildActionMask = 2147483647;
			files = (
			);
			runOnlyForDeploymentPostprocessing = 0;
		};
		4347AB3829996F7F00B3FA78 /* Frameworks */ = {
			isa = PBXFrameworksBuildPhase;
			buildActionMask = 2147483647;
			files = (
			);
			runOnlyForDeploymentPostprocessing = 0;
		};
/* End PBXFrameworksBuildPhase section */

/* Begin PBXGroup section */
		4347AB1829996F7800B3FA78 = {
			isa = PBXGroup;
			children = (
				4347AB2329996F7800B3FA78 /* FStudy */,
				4347AB3429996F7F00B3FA78 /* FStudyTests */,
				4347AB3E29996F7F00B3FA78 /* FStudyUITests */,
				4347AB2229996F7800B3FA78 /* Products */,
			);
			sourceTree = "<group>";
		};
		4347AB2229996F7800B3FA78 /* Products */ = {
			isa = PBXGroup;
			children = (
				4347AB2129996F7800B3FA78 /* FStudy.app */,
				4347AB3129996F7F00B3FA78 /* FStudyTests.xctest */,
				4347AB3B29996F7F00B3FA78 /* FStudyUITests.xctest */,
			);
			name = Products;
			sourceTree = "<group>";
		};
		4347AB2329996F7800B3FA78 /* FStudy */ = {
			isa = PBXGroup;
			children = (
				4347AB2429996F7800B3FA78 /* FStudyApp.swift */,
				4347AB542999745100B3FA78 /* Views */,
				4347AB552999747300B3FA78 /* Model */,
				4347AB562999749300B3FA78 /* Resources */,
				4347AB2829996F7E00B3FA78 /* Assets.xcassets */,
				4347AB2A29996F7E00B3FA78 /* Preview Content */,
				4347AB9C299A868A00B3FA78 /* student.json */,
				4347ABA2299C2E1300B3FA78 /* FavoriteButton.swift */,
			);
			path = FStudy;
			sourceTree = "<group>";
		};
		4347AB2A29996F7E00B3FA78 /* Preview Content */ = {
			isa = PBXGroup;
			children = (
				4347AB2B29996F7E00B3FA78 /* Preview Assets.xcassets */,
			);
			path = "Preview Content";
			sourceTree = "<group>";
		};
		4347AB3429996F7F00B3FA78 /* FStudyTests */ = {
			isa = PBXGroup;
			children = (
				4347AB3529996F7F00B3FA78 /* FStudyTests.swift */,
			);
			path = FStudyTests;
			sourceTree = "<group>";
		};
		4347AB3E29996F7F00B3FA78 /* FStudyUITests */ = {
			isa = PBXGroup;
			children = (
				4347AB3F29996F7F00B3FA78 /* FStudyUITests.swift */,
				4347AB4129996F7F00B3FA78 /* FStudyUITestsLaunchTests.swift */,
			);
			path = FStudyUITests;
			sourceTree = "<group>";
		};
		4347AB542999745100B3FA78 /* Views */ = {
			isa = PBXGroup;
			children = (
				4347AB2629996F7800B3FA78 /* ContentView.swift */,
				4352915329C8A0E400E28427 /* WordsList.swift */,
				4347AB57299974EE00B3FA78 /* CardsRow.swift */,
				4347AB982999A36D00B3FA78 /* CardsList.swift */,
				4347AB9A2999A3AF00B3FA78 /* CardsDetail.swift */,
				4347ABA0299A9A2900B3FA78 /* NoteCardFlip.swift */,
				43F4A37D29A3D68A0073C3CE /*  newCard.swift */,
				43F37C4429B76ABE00B205F8 /* WordsDetail.swift */,
				4347ABA4299C335900B3FA78 /* buttonpractice.swift */,
				4352915129C8968300E28427 /* wordRow.swift */,
			);
			path = Views;
			sourceTree = "<group>";
		};
		4347AB552999747300B3FA78 /* Model */ = {
			isa = PBXGroup;
			children = (
				4347AB522999731400B3FA78 /* ModelData.swift */,
				4347AB502999724700B3FA78 /* Cards.swift */,
				433CB8F929AD6534002E7E10 /* jsonRead.swift */,
			);
			path = Model;
			sourceTree = "<group>";
		};
		4347AB562999749300B3FA78 /* Resources */ = {
			isa = PBXGroup;
			children = (
				4347AB5B29999D7900B3FA78 /* cardData.json */,
			);
			path = Resources;
			sourceTree = "<group>";
		};
/* End PBXGroup section */

/* Begin PBXNativeTarget section */
		4347AB2029996F7800B3FA78 /* FStudy */ = {
			isa = PBXNativeTarget;
			buildConfigurationList = 4347AB4529996F7F00B3FA78 /* Build configuration list for PBXNativeTarget "FStudy" */;
			buildPhases = (
				4347AB1D29996F7800B3FA78 /* Sources */,
				4347AB1E29996F7800B3FA78 /* Frameworks */,
				4347AB1F29996F7800B3FA78 /* Resources */,
			);
			buildRules = (
			);
			dependencies = (
			);
			name = FStudy;
			productName = FStudy;
			productReference = 4347AB2129996F7800B3FA78 /* FStudy.app */;
			productType = "com.apple.product-type.application";
		};
		4347AB3029996F7F00B3FA78 /* FStudyTests */ = {
			isa = PBXNativeTarget;
			buildConfigurationList = 4347AB4829996F7F00B3FA78 /* Build configuration list for PBXNativeTarget "FStudyTests" */;
			buildPhases = (
				4347AB2D29996F7F00B3FA78 /* Sources */,
				4347AB2E29996F7F00B3FA78 /* Frameworks */,
				4347AB2F29996F7F00B3FA78 /* Resources */,
			);
			buildRules = (
			);
			dependencies = (
				4347AB3329996F7F00B3FA78 /* PBXTargetDependency */,
			);
			name = FStudyTests;
			productName = FStudyTests;
			productReference = 4347AB3129996F7F00B3FA78 /* FStudyTests.xctest */;
			productType = "com.apple.product-type.bundle.unit-test";
		};
		4347AB3A29996F7F00B3FA78 /* FStudyUITests */ = {
			isa = PBXNativeTarget;
			buildConfigurationList = 4347AB4B29996F7F00B3FA78 /* Build configuration list for PBXNativeTarget "FStudyUITests" */;
			buildPhases = (
				4347AB3729996F7F00B3FA78 /* Sources */,
				4347AB3829996F7F00B3FA78 /* Frameworks */,
				4347AB3929996F7F00B3FA78 /* Resources */,
			);
			buildRules = (
			);
			dependencies = (
				4347AB3D29996F7F00B3FA78 /* PBXTargetDependency */,
			);
			name = FStudyUITests;
			productName = FStudyUITests;
			productReference = 4347AB3B29996F7F00B3FA78 /* FStudyUITests.xctest */;
			productType = "com.apple.product-type.bundle.ui-testing";
		};
/* End PBXNativeTarget section */

/* Begin PBXProject section */
		4347AB1929996F7800B3FA78 /* Project object */ = {
			isa = PBXProject;
			attributes = {
				BuildIndependentTargetsInParallel = 1;
				LastSwiftUpdateCheck = 1420;
				LastUpgradeCheck = 1420;
				TargetAttributes = {
					4347AB2029996F7800B3FA78 = {
						CreatedOnToolsVersion = 14.2;
					};
					4347AB3029996F7F00B3FA78 = {
						CreatedOnToolsVersion = 14.2;
						TestTargetID = 4347AB2029996F7800B3FA78;
					};
					4347AB3A29996F7F00B3FA78 = {
						CreatedOnToolsVersion = 14.2;
						TestTargetID = 4347AB2029996F7800B3FA78;
					};
				};
			};
			buildConfigurationList = 4347AB1C29996F7800B3FA78 /* Build configuration list for PBXProject "FStudy" */;
			compatibilityVersion = "Xcode 14.0";
			developmentRegion = en;
			hasScannedForEncodings = 0;
			knownRegions = (
				en,
				Base,
			);
			mainGroup = 4347AB1829996F7800B3FA78;
			productRefGroup = 4347AB2229996F7800B3FA78 /* Products */;
			projectDirPath = "";
			projectRoot = "";
			targets = (
				4347AB2029996F7800B3FA78 /* FStudy */,
				4347AB3029996F7F00B3FA78 /* FStudyTests */,
				4347AB3A29996F7F00B3FA78 /* FStudyUITests */,
			);
		};
/* End PBXProject section */

/* Begin PBXResourcesBuildPhase section */
		4347AB1F29996F7800B3FA78 /* Resources */ = {
			isa = PBXResourcesBuildPhase;
			buildActionMask = 2147483647;
			files = (
				4347AB2C29996F7E00B3FA78 /* Preview Assets.xcassets in Resources */,
				4347AB2929996F7E00B3FA78 /* Assets.xcassets in Resources */,
				4347AB5C29999D7900B3FA78 /* cardData.json in Resources */,
				4347AB9D299A868B00B3FA78 /* student.json in Resources */,
			);
			runOnlyForDeploymentPostprocessing = 0;
		};
		4347AB2F29996F7F00B3FA78 /* Resources */ = {
			isa = PBXResourcesBuildPhase;
			buildActionMask = 2147483647;
			files = (
			);
			runOnlyForDeploymentPostprocessing = 0;
		};
		4347AB3929996F7F00B3FA78 /* Resources */ = {
			isa = PBXResourcesBuildPhase;
			buildActionMask = 2147483647;
			files = (
			);
			runOnlyForDeploymentPostprocessing = 0;
		};
/* End PBXResourcesBuildPhase section */

/* Begin PBXSourcesBuildPhase section */
		4347AB1D29996F7800B3FA78 /* Sources */ = {
			isa = PBXSourcesBuildPhase;
			buildActionMask = 2147483647;
			files = (
				4347ABA1299A9A2900B3FA78 /* NoteCardFlip.swift in Sources */,
				4347AB512999724700B3FA78 /* Cards.swift in Sources */,
				4352915229C8968300E28427 /* wordRow.swift in Sources */,
				4347AB58299974EE00B3FA78 /* CardsRow.swift in Sources */,
				4352915429C8A0E400E28427 /* WordsList.swift in Sources */,
				43F37C4529B76ABE00B205F8 /* WordsDetail.swift in Sources */,
				4347ABA3299C2E1300B3FA78 /* FavoriteButton.swift in Sources */,
				4347ABA5299C335900B3FA78 /* buttonpractice.swift in Sources */,
				43F4A37E29A3D68A0073C3CE /*  newCard.swift in Sources */,
				4347AB9B2999A3AF00B3FA78 /* CardsDetail.swift in Sources */,
				433CB8FA29AD6534002E7E10 /* jsonRead.swift in Sources */,
				4347AB532999731400B3FA78 /* ModelData.swift in Sources */,
				4347AB2729996F7800B3FA78 /* ContentView.swift in Sources */,
				4347AB2529996F7800B3FA78 /* FStudyApp.swift in Sources */,
				4347AB992999A36D00B3FA78 /* CardsList.swift in Sources */,
			);
			runOnlyForDeploymentPostprocessing = 0;
		};
		4347AB2D29996F7F00B3FA78 /* Sources */ = {
			isa = PBXSourcesBuildPhase;
			buildActionMask = 2147483647;
			files = (
				4347AB3629996F7F00B3FA78 /* FStudyTests.swift in Sources */,
			);
			runOnlyForDeploymentPostprocessing = 0;
		};
		4347AB3729996F7F00B3FA78 /* Sources */ = {
			isa = PBXSourcesBuildPhase;
			buildActionMask = 2147483647;
			files = (
				4347AB4029996F7F00B3FA78 /* FStudyUITests.swift in Sources */,
				4347AB4229996F7F00B3FA78 /* FStudyUITestsLaunchTests.swift in Sources */,
			);
			runOnlyForDeploymentPostprocessing = 0;
		};
/* End PBXSourcesBuildPhase section */

/* Begin PBXTargetDependency section */
		4347AB3329996F7F00B3FA78 /* PBXTargetDependency */ = {
			isa = PBXTargetDependency;
			target = 4347AB2029996F7800B3FA78 /* FStudy */;
			targetProxy = 4347AB3229996F7F00B3FA78 /* PBXContainerItemProxy */;
		};
		4347AB3D29996F7F00B3FA78 /* PBXTargetDependency */ = {
			isa = PBXTargetDependency;
			target = 4347AB2029996F7800B3FA78 /* FStudy */;
			targetProxy = 4347AB3C29996F7F00B3FA78 /* PBXContainerItemProxy */;
		};
/* End PBXTargetDependency section */

/* Begin XCBuildConfiguration section */
		4347AB4329996F7F00B3FA78 /* Debug */ = {
			isa = XCBuildConfiguration;
			buildSettings = {
				ALWAYS_SEARCH_USER_PATHS = NO;
				CLANG_ANALYZER_NONNULL = YES;
				CLANG_ANALYZER_NUMBER_OBJECT_CONVERSION = YES_AGGRESSIVE;
				CLANG_CXX_LANGUAGE_STANDARD = "gnu++20";
				CLANG_ENABLE_MODULES = YES;
				CLANG_ENABLE_OBJC_ARC = YES;
				CLANG_ENABLE_OBJC_WEAK = YES;
				CLANG_WARN_BLOCK_CAPTURE_AUTORELEASING = YES;
				CLANG_WARN_BOOL_CONVERSION = YES;
				CLANG_WARN_COMMA = YES;
				CLANG_WARN_CONSTANT_CONVERSION = YES;
				CLANG_WARN_DEPRECATED_OBJC_IMPLEMENTATIONS = YES;
				CLANG_WARN_DIRECT_OBJC_ISA_USAGE = YES_ERROR;
				CLANG_WARN_DOCUMENTATION_COMMENTS = YES;
				CLANG_WARN_EMPTY_BODY = YES;
				CLANG_WARN_ENUM_CONVERSION = YES;
				CLANG_WARN_INFINITE_RECURSION = YES;
				CLANG_WARN_INT_CONVERSION = YES;
				CLANG_WARN_NON_LITERAL_NULL_CONVERSION = YES;
				CLANG_WARN_OBJC_IMPLICIT_RETAIN_SELF = YES;
				CLANG_WARN_OBJC_LITERAL_CONVERSION = YES;
				CLANG_WARN_OBJC_ROOT_CLASS = YES_ERROR;
				CLANG_WARN_QUOTED_INCLUDE_IN_FRAMEWORK_HEADER = YES;
				CLANG_WARN_RANGE_LOOP_ANALYSIS = YES;
				CLANG_WARN_STRICT_PROTOTYPES = YES;
				CLANG_WARN_SUSPICIOUS_MOVE = YES;
				CLANG_WARN_UNGUARDED_AVAILABILITY = YES_AGGRESSIVE;
				CLANG_WARN_UNREACHABLE_CODE = YES;
				CLANG_WARN__DUPLICATE_METHOD_MATCH = YES;
				COPY_PHASE_STRIP = NO;
				DEBUG_INFORMATION_FORMAT = dwarf;
				ENABLE_STRICT_OBJC_MSGSEND = YES;
				ENABLE_TESTABILITY = YES;
				GCC_C_LANGUAGE_STANDARD = gnu11;
				GCC_DYNAMIC_NO_PIC = NO;
				GCC_NO_COMMON_BLOCKS = YES;
				GCC_OPTIMIZATION_LEVEL = 0;
				GCC_PREPROCESSOR_DEFINITIONS = (
					"DEBUG=1",
					"$(inherited)",
				);
				GCC_WARN_64_TO_32_BIT_CONVERSION = YES;
				GCC_WARN_ABOUT_RETURN_TYPE = YES_ERROR;
				GCC_WARN_UNDECLARED_SELECTOR = YES;
				GCC_WARN_UNINITIALIZED_AUTOS = YES_AGGRESSIVE;
				GCC_WARN_UNUSED_FUNCTION = YES;
				GCC_WARN_UNUSED_VARIABLE = YES;
				IPHONEOS_DEPLOYMENT_TARGET = 16.2;
				MTL_ENABLE_DEBUG_INFO = INCLUDE_SOURCE;
				MTL_FAST_MATH = YES;
				ONLY_ACTIVE_ARCH = YES;
				SDKROOT = iphoneos;
				SWIFT_ACTIVE_COMPILATION_CONDITIONS = DEBUG;
				SWIFT_OPTIMIZATION_LEVEL = "-Onone";
			};
			name = Debug;
		};
		4347AB4429996F7F00B3FA78 /* Release */ = {
			isa = XCBuildConfiguration;
			buildSettings = {
				ALWAYS_SEARCH_USER_PATHS = NO;
				CLANG_ANALYZER_NONNULL = YES;
				CLANG_ANALYZER_NUMBER_OBJECT_CONVERSION = YES_AGGRESSIVE;
				CLANG_CXX_LANGUAGE_STANDARD = "gnu++20";
				CLANG_ENABLE_MODULES = YES;
				CLANG_ENABLE_OBJC_ARC = YES;
				CLANG_ENABLE_OBJC_WEAK = YES;
				CLANG_WARN_BLOCK_CAPTURE_AUTORELEASING = YES;
				CLANG_WARN_BOOL_CONVERSION = YES;
				CLANG_WARN_COMMA = YES;
				CLANG_WARN_CONSTANT_CONVERSION = YES;
				CLANG_WARN_DEPRECATED_OBJC_IMPLEMENTATIONS = YES;
				CLANG_WARN_DIRECT_OBJC_ISA_USAGE = YES_ERROR;
				CLANG_WARN_DOCUMENTATION_COMMENTS = YES;
				CLANG_WARN_EMPTY_BODY = YES;
				CLANG_WARN_ENUM_CONVERSION = YES;
				CLANG_WARN_INFINITE_RECURSION = YES;
				CLANG_WARN_INT_CONVERSION = YES;
				CLANG_WARN_NON_LITERAL_NULL_CONVERSION = YES;
				CLANG_WARN_OBJC_IMPLICIT_RETAIN_SELF = YES;
				CLANG_WARN_OBJC_LITERAL_CONVERSION = YES;
				CLANG_WARN_OBJC_ROOT_CLASS = YES_ERROR;
				CLANG_WARN_QUOTED_INCLUDE_IN_FRAMEWORK_HEADER = YES;
				CLANG_WARN_RANGE_LOOP_ANALYSIS = YES;
				CLANG_WARN_STRICT_PROTOTYPES = YES;
				CLANG_WARN_SUSPICIOUS_MOVE = YES;
				CLANG_WARN_UNGUARDED_AVAILABILITY = YES_AGGRESSIVE;
				CLANG_WARN_UNREACHABLE_CODE = YES;
				CLANG_WARN__DUPLICATE_METHOD_MATCH = YES;
				COPY_PHASE_STRIP = NO;
				DEBUG_INFORMATION_FORMAT = "dwarf-with-dsym";
				ENABLE_NS_ASSERTIONS = NO;
				ENABLE_STRICT_OBJC_MSGSEND = YES;
				GCC_C_LANGUAGE_STANDARD = gnu11;
				GCC_NO_COMMON_BLOCKS = YES;
				GCC_WARN_64_TO_32_BIT_CONVERSION = YES;
				GCC_WARN_ABOUT_RETURN_TYPE = YES_ERROR;
				GCC_WARN_UNDECLARED_SELECTOR = YES;
				GCC_WARN_UNINITIALIZED_AUTOS = YES_AGGRESSIVE;
				GCC_WARN_UNUSED_FUNCTION = YES;
				GCC_WARN_UNUSED_VARIABLE = YES;
				IPHONEOS_DEPLOYMENT_TARGET = 16.2;
				MTL_ENABLE_DEBUG_INFO = NO;
				MTL_FAST_MATH = YES;
				SDKROOT = iphoneos;
				SWIFT_COMPILATION_MODE = wholemodule;
				SWIFT_OPTIMIZATION_LEVEL = "-O";
				VALIDATE_PRODUCT = YES;
			};
			name = Release;
		};
		4347AB4629996F7F00B3FA78 /* Debug */ = {
			isa = XCBuildConfiguration;
			buildSettings = {
				ASSETCATALOG_COMPILER_APPICON_NAME = AppIcon;
				ASSETCATALOG_COMPILER_GLOBAL_ACCENT_COLOR_NAME = AccentColor;
				CODE_SIGN_STYLE = Automatic;
				CURRENT_PROJECT_VERSION = 1;
				DEVELOPMENT_ASSET_PATHS = "\"FStudy/Preview Content\"";
				DEVELOPMENT_TEAM = Q2BL48K5HA;
				ENABLE_PREVIEWS = YES;
				GENERATE_INFOPLIST_FILE = YES;
				INFOPLIST_KEY_UIApplicationSceneManifest_Generation = YES;
				INFOPLIST_KEY_UIApplicationSupportsIndirectInputEvents = YES;
				INFOPLIST_KEY_UILaunchScreen_Generation = YES;
				INFOPLIST_KEY_UISupportedInterfaceOrientations_iPad = "UIInterfaceOrientationPortrait UIInterfaceOrientationPortraitUpsideDown UIInterfaceOrientationLandscapeLeft UIInterfaceOrientationLandscapeRight";
				INFOPLIST_KEY_UISupportedInterfaceOrientations_iPhone = "UIInterfaceOrientationPortrait UIInterfaceOrientationLandscapeLeft UIInterfaceOrientationLandscapeRight";
				LD_RUNPATH_SEARCH_PATHS = (
					"$(inherited)",
					"@executable_path/Frameworks",
				);
				MARKETING_VERSION = 1.0;
				PRODUCT_BUNDLE_IDENTIFIER = torik.FStudy;
				PRODUCT_NAME = "$(TARGET_NAME)";
				SWIFT_EMIT_LOC_STRINGS = YES;
				SWIFT_VERSION = 5.0;
				TARGETED_DEVICE_FAMILY = "1,2";
			};
			name = Debug;
		};
		4347AB4729996F7F00B3FA78 /* Release */ = {
			isa = XCBuildConfiguration;
			buildSettings = {
				ASSETCATALOG_COMPILER_APPICON_NAME = AppIcon;
				ASSETCATALOG_COMPILER_GLOBAL_ACCENT_COLOR_NAME = AccentColor;
				CODE_SIGN_STYLE = Automatic;
				CURRENT_PROJECT_VERSION = 1;
				DEVELOPMENT_ASSET_PATHS = "\"FStudy/Preview Content\"";
				DEVELOPMENT_TEAM = Q2BL48K5HA;
				ENABLE_PREVIEWS = YES;
				GENERATE_INFOPLIST_FILE = YES;
				INFOPLIST_KEY_UIApplicationSceneManifest_Generation = YES;
				INFOPLIST_KEY_UIApplicationSupportsIndirectInputEvents = YES;
				INFOPLIST_KEY_UILaunchScreen_Generation = YES;
				INFOPLIST_KEY_UISupportedInterfaceOrientations_iPad = "UIInterfaceOrientationPortrait UIInterfaceOrientationPortraitUpsideDown UIInterfaceOrientationLandscapeLeft UIInterfaceOrientationLandscapeRight";
				INFOPLIST_KEY_UISupportedInterfaceOrientations_iPhone = "UIInterfaceOrientationPortrait UIInterfaceOrientationLandscapeLeft UIInterfaceOrientationLandscapeRight";
				LD_RUNPATH_SEARCH_PATHS = (
					"$(inherited)",
					"@executable_path/Frameworks",
				);
				MARKETING_VERSION = 1.0;
				PRODUCT_BUNDLE_IDENTIFIER = torik.FStudy;
				PRODUCT_NAME = "$(TARGET_NAME)";
				SWIFT_EMIT_LOC_STRINGS = YES;
				SWIFT_VERSION = 5.0;
				TARGETED_DEVICE_FAMILY = "1,2";
			};
			name = Release;
		};
		4347AB4929996F7F00B3FA78 /* Debug */ = {
			isa = XCBuildConfiguration;
			buildSettings = {
				ALWAYS_EMBED_SWIFT_STANDARD_LIBRARIES = YES;
				BUNDLE_LOADER = "$(TEST_HOST)";
				CODE_SIGN_STYLE = Automatic;
				CURRENT_PROJECT_VERSION = 1;
				GENERATE_INFOPLIST_FILE = YES;
				IPHONEOS_DEPLOYMENT_TARGET = 16.2;
				MARKETING_VERSION = 1.0;
				PRODUCT_BUNDLE_IDENTIFIER = torik.FStudyTests;
				PRODUCT_NAME = "$(TARGET_NAME)";
				SWIFT_EMIT_LOC_STRINGS = NO;
				SWIFT_VERSION = 5.0;
				TARGETED_DEVICE_FAMILY = "1,2";
				TEST_HOST = "$(BUILT_PRODUCTS_DIR)/FStudy.app/$(BUNDLE_EXECUTABLE_FOLDER_PATH)/FStudy";
			};
			name = Debug;
		};
		4347AB4A29996F7F00B3FA78 /* Release */ = {
			isa = XCBuildConfiguration;
			buildSettings = {
				ALWAYS_EMBED_SWIFT_STANDARD_LIBRARIES = YES;
				BUNDLE_LOADER = "$(TEST_HOST)";
				CODE_SIGN_STYLE = Automatic;
				CURRENT_PROJECT_VERSION = 1;
				GENERATE_INFOPLIST_FILE = YES;
				IPHONEOS_DEPLOYMENT_TARGET = 16.2;
				MARKETING_VERSION = 1.0;
				PRODUCT_BUNDLE_IDENTIFIER = torik.FStudyTests;
				PRODUCT_NAME = "$(TARGET_NAME)";
				SWIFT_EMIT_LOC_STRINGS = NO;
				SWIFT_VERSION = 5.0;
				TARGETED_DEVICE_FAMILY = "1,2";
				TEST_HOST = "$(BUILT_PRODUCTS_DIR)/FStudy.app/$(BUNDLE_EXECUTABLE_FOLDER_PATH)/FStudy";
			};
			name = Release;
		};
		4347AB4C29996F7F00B3FA78 /* Debug */ = {
			isa = XCBuildConfiguration;
			buildSettings = {
				ALWAYS_EMBED_SWIFT_STANDARD_LIBRARIES = YES;
				CODE_SIGN_STYLE = Automatic;
				CURRENT_PROJECT_VERSION = 1;
				GENERATE_INFOPLIST_FILE = YES;
				MARKETING_VERSION = 1.0;
				PRODUCT_BUNDLE_IDENTIFIER = torik.FStudyUITests;
				PRODUCT_NAME = "$(TARGET_NAME)";
				SWIFT_EMIT_LOC_STRINGS = NO;
				SWIFT_VERSION = 5.0;
				TARGETED_DEVICE_FAMILY = "1,2";
				TEST_TARGET_NAME = FStudy;
			};
			name = Debug;
		};
		4347AB4D29996F7F00B3FA78 /* Release */ = {
			isa = XCBuildConfiguration;
			buildSettings = {
				ALWAYS_EMBED_SWIFT_STANDARD_LIBRARIES = YES;
				CODE_SIGN_STYLE = Automatic;
				CURRENT_PROJECT_VERSION = 1;
				GENERATE_INFOPLIST_FILE = YES;
				MARKETING_VERSION = 1.0;
				PRODUCT_BUNDLE_IDENTIFIER = torik.FStudyUITests;
				PRODUCT_NAME = "$(TARGET_NAME)";
				SWIFT_EMIT_LOC_STRINGS = NO;
				SWIFT_VERSION = 5.0;
				TARGETED_DEVICE_FAMILY = "1,2";
				TEST_TARGET_NAME = FStudy;
			};
			name = Release;
		};
/* End XCBuildConfiguration section */

/* Begin XCConfigurationList section */
		4347AB1C29996F7800B3FA78 /* Build configuration list for PBXProject "FStudy" */ = {
			isa = XCConfigurationList;
			buildConfigurations = (
				4347AB4329996F7F00B3FA78 /* Debug */,
				4347AB4429996F7F00B3FA78 /* Release */,
			);
			defaultConfigurationIsVisible = 0;
			defaultConfigurationName = Release;
		};
		4347AB4529996F7F00B3FA78 /* Build configuration list for PBXNativeTarget "FStudy" */ = {
			isa = XCConfigurationList;
			buildConfigurations = (
				4347AB4629996F7F00B3FA78 /* Debug */,
				4347AB4729996F7F00B3FA78 /* Release */,
			);
			defaultConfigurationIsVisible = 0;
			defaultConfigurationName = Release;
		};
		4347AB4829996F7F00B3FA78 /* Build configuration list for PBXNativeTarget "FStudyTests" */ = {
			isa = XCConfigurationList;
			buildConfigurations = (
				4347AB4929996F7F00B3FA78 /* Debug */,
				4347AB4A29996F7F00B3FA78 /* Release */,
			);
			defaultConfigurationIsVisible = 0;
			defaultConfigurationName = Release;
		};
		4347AB4B29996F7F00B3FA78 /* Build configuration list for PBXNativeTarget "FStudyUITests" */ = {
			isa = XCConfigurationList;
			buildConfigurations = (
				4347AB4C29996F7F00B3FA78 /* Debug */,
				4347AB4D29996F7F00B3FA78 /* Release */,
			);
			defaultConfigurationIsVisible = 0;
			defaultConfigurationName = Release;
		};
/* End XCConfigurationList section */
	};
	rootObject = 4347AB1929996F7800B3FA78 /* Project object */;
}
